// !$*UTF8*$!
{
	archiveVersion = 1;
	classes = {
	};
	objectVersion = 48;
	objects = {

/* Begin PBXBuildFile section */
		2B071BC320122594002B6F6B /* AppDelegate.swift in Sources */ = {isa = PBXBuildFile; fileRef = 2B071BC220122594002B6F6B /* AppDelegate.swift */; };
		2B071BC720122594002B6F6B /* Actions.sks in Resources */ = {isa = PBXBuildFile; fileRef = 2B071BC620122594002B6F6B /* Actions.sks */; };
		2B071BC920122594002B6F6B /* GameScene.swift in Sources */ = {isa = PBXBuildFile; fileRef = 2B071BC820122594002B6F6B /* GameScene.swift */; };
		2B071BCB20122594002B6F6B /* GameViewController.swift in Sources */ = {isa = PBXBuildFile; fileRef = 2B071BCA20122594002B6F6B /* GameViewController.swift */; };
		2B071BCE20122594002B6F6B /* Main.storyboard in Resources */ = {isa = PBXBuildFile; fileRef = 2B071BCC20122594002B6F6B /* Main.storyboard */; };
		2B071BD020122594002B6F6B /* Assets.xcassets in Resources */ = {isa = PBXBuildFile; fileRef = 2B071BCF20122594002B6F6B /* Assets.xcassets */; };
		2B071BD320122594002B6F6B /* LaunchScreen.storyboard in Resources */ = {isa = PBXBuildFile; fileRef = 2B071BD120122594002B6F6B /* LaunchScreen.storyboard */; };
		2B071BDE20122594002B6F6B /* mobileapp_tetrisTests.swift in Sources */ = {isa = PBXBuildFile; fileRef = 2B071BDD20122594002B6F6B /* mobileapp_tetrisTests.swift */; };
		2B071BE920122594002B6F6B /* mobileapp_tetrisUITests.swift in Sources */ = {isa = PBXBuildFile; fileRef = 2B071BE820122594002B6F6B /* mobileapp_tetrisUITests.swift */; };
		2B071BF720122762002B6F6B /* GameBoardLayout.swift in Sources */ = {isa = PBXBuildFile; fileRef = 2B071BF620122761002B6F6B /* GameBoardLayout.swift */; };
		2B071BF9201227A6002B6F6B /* Shape.swift in Sources */ = {isa = PBXBuildFile; fileRef = 2B071BF8201227A6002B6F6B /* Shape.swift */; };
		2B071BFB201227D0002B6F6B /* Block.swift in Sources */ = {isa = PBXBuildFile; fileRef = 2B071BFA201227D0002B6F6B /* Block.swift */; };
		2B071BFD20122880002B6F6B /* JShape.swift in Sources */ = {isa = PBXBuildFile; fileRef = 2B071BFC20122880002B6F6B /* JShape.swift */; };
		2B071BFF20122D06002B6F6B /* LineShape.swift in Sources */ = {isa = PBXBuildFile; fileRef = 2B071BFE20122D06002B6F6B /* LineShape.swift */; };
		2B071C0120122D91002B6F6B /* SquareShape.swift in Sources */ = {isa = PBXBuildFile; fileRef = 2B071C0020122D91002B6F6B /* SquareShape.swift */; };
		2B071C0320122DF7002B6F6B /* ZShape.swift in Sources */ = {isa = PBXBuildFile; fileRef = 2B071C0220122DF7002B6F6B /* ZShape.swift */; };
		2B071C0520122E1E002B6F6B /* TShape.swift in Sources */ = {isa = PBXBuildFile; fileRef = 2B071C0420122E1E002B6F6B /* TShape.swift */; };
		2B071C0720122E5C002B6F6B /* SShape.swift in Sources */ = {isa = PBXBuildFile; fileRef = 2B071C0620122E5C002B6F6B /* SShape.swift */; };
		2B071C0920122E97002B6F6B /* LShape.swift in Sources */ = {isa = PBXBuildFile; fileRef = 2B071C0820122E97002B6F6B /* LShape.swift */; };
		2B071C0B20124749002B6F6B /* GameLogic.swift in Sources */ = {isa = PBXBuildFile; fileRef = 2B071C0A20124749002B6F6B /* GameLogic.swift */; };
		2B0EA879201F972300B8BBF8 /* GameEndViewController.swift in Sources */ = {isa = PBXBuildFile; fileRef = 2B0EA878201F972300B8BBF8 /* GameEndViewController.swift */; };
		2BF613DD201F42F30013F43D /* HomeViewController.swift in Sources */ = {isa = PBXBuildFile; fileRef = 2BF613DC201F42F30013F43D /* HomeViewController.swift */; };
		2BF613E1201F64BB0013F43D /* PopupViewController.swift in Sources */ = {isa = PBXBuildFile; fileRef = 2BF613E0201F64BB0013F43D /* PopupViewController.swift */; };
/* End PBXBuildFile section */

/* Begin PBXContainerItemProxy section */
		2B071BDA20122594002B6F6B /* PBXContainerItemProxy */ = {
			isa = PBXContainerItemProxy;
			containerPortal = 2B071BB720122594002B6F6B /* Project object */;
			proxyType = 1;
			remoteGlobalIDString = 2B071BBE20122594002B6F6B;
			remoteInfo = "mobileapp-tetris";
		};
		2B071BE520122594002B6F6B /* PBXContainerItemProxy */ = {
			isa = PBXContainerItemProxy;
			containerPortal = 2B071BB720122594002B6F6B /* Project object */;
			proxyType = 1;
			remoteGlobalIDString = 2B071BBE20122594002B6F6B;
			remoteInfo = "mobileapp-tetris";
		};
/* End PBXContainerItemProxy section */

/* Begin PBXFileReference section */
		2B071BBF20122594002B6F6B /* mobileapp-tetris.app */ = {isa = PBXFileReference; explicitFileType = wrapper.application; includeInIndex = 0; path = "mobileapp-tetris.app"; sourceTree = BUILT_PRODUCTS_DIR; };
		2B071BC220122594002B6F6B /* AppDelegate.swift */ = {isa = PBXFileReference; lastKnownFileType = sourcecode.swift; path = AppDelegate.swift; sourceTree = "<group>"; };
		2B071BC620122594002B6F6B /* Actions.sks */ = {isa = PBXFileReference; lastKnownFileType = file.sks; path = Actions.sks; sourceTree = "<group>"; };
		2B071BC820122594002B6F6B /* GameScene.swift */ = {isa = PBXFileReference; lastKnownFileType = sourcecode.swift; path = GameScene.swift; sourceTree = "<group>"; };
		2B071BCA20122594002B6F6B /* GameViewController.swift */ = {isa = PBXFileReference; lastKnownFileType = sourcecode.swift; path = GameViewController.swift; sourceTree = "<group>"; };
		2B071BCD20122594002B6F6B /* Base */ = {isa = PBXFileReference; lastKnownFileType = file.storyboard; name = Base; path = Base.lproj/Main.storyboard; sourceTree = "<group>"; };
		2B071BCF20122594002B6F6B /* Assets.xcassets */ = {isa = PBXFileReference; lastKnownFileType = folder.assetcatalog; path = Assets.xcassets; sourceTree = "<group>"; };
		2B071BD220122594002B6F6B /* Base */ = {isa = PBXFileReference; lastKnownFileType = file.storyboard; name = Base; path = Base.lproj/LaunchScreen.storyboard; sourceTree = "<group>"; };
		2B071BD420122594002B6F6B /* Info.plist */ = {isa = PBXFileReference; lastKnownFileType = text.plist.xml; path = Info.plist; sourceTree = "<group>"; };
		2B071BD920122594002B6F6B /* mobileapp-tetrisTests.xctest */ = {isa = PBXFileReference; explicitFileType = wrapper.cfbundle; includeInIndex = 0; path = "mobileapp-tetrisTests.xctest"; sourceTree = BUILT_PRODUCTS_DIR; };
		2B071BDD20122594002B6F6B /* mobileapp_tetrisTests.swift */ = {isa = PBXFileReference; lastKnownFileType = sourcecode.swift; path = mobileapp_tetrisTests.swift; sourceTree = "<group>"; };
		2B071BDF20122594002B6F6B /* Info.plist */ = {isa = PBXFileReference; lastKnownFileType = text.plist.xml; path = Info.plist; sourceTree = "<group>"; };
		2B071BE420122594002B6F6B /* mobileapp-tetrisUITests.xctest */ = {isa = PBXFileReference; explicitFileType = wrapper.cfbundle; includeInIndex = 0; path = "mobileapp-tetrisUITests.xctest"; sourceTree = BUILT_PRODUCTS_DIR; };
		2B071BE820122594002B6F6B /* mobileapp_tetrisUITests.swift */ = {isa = PBXFileReference; lastKnownFileType = sourcecode.swift; path = mobileapp_tetrisUITests.swift; sourceTree = "<group>"; };
		2B071BEA20122594002B6F6B /* Info.plist */ = {isa = PBXFileReference; lastKnownFileType = text.plist.xml; path = Info.plist; sourceTree = "<group>"; };
		2B071BF620122761002B6F6B /* GameBoardLayout.swift */ = {isa = PBXFileReference; lastKnownFileType = sourcecode.swift; path = GameBoardLayout.swift; sourceTree = "<group>"; };
		2B071BF8201227A6002B6F6B /* Shape.swift */ = {isa = PBXFileReference; lastKnownFileType = sourcecode.swift; path = Shape.swift; sourceTree = "<group>"; };
		2B071BFA201227D0002B6F6B /* Block.swift */ = {isa = PBXFileReference; lastKnownFileType = sourcecode.swift; path = Block.swift; sourceTree = "<group>"; };
		2B071BFC20122880002B6F6B /* JShape.swift */ = {isa = PBXFileReference; lastKnownFileType = sourcecode.swift; path = JShape.swift; sourceTree = "<group>"; };
		2B071BFE20122D06002B6F6B /* LineShape.swift */ = {isa = PBXFileReference; lastKnownFileType = sourcecode.swift; path = LineShape.swift; sourceTree = "<group>"; };
		2B071C0020122D91002B6F6B /* SquareShape.swift */ = {isa = PBXFileReference; lastKnownFileType = sourcecode.swift; path = SquareShape.swift; sourceTree = "<group>"; };
		2B071C0220122DF7002B6F6B /* ZShape.swift */ = {isa = PBXFileReference; lastKnownFileType = sourcecode.swift; path = ZShape.swift; sourceTree = "<group>"; };
		2B071C0420122E1E002B6F6B /* TShape.swift */ = {isa = PBXFileReference; lastKnownFileType = sourcecode.swift; path = TShape.swift; sourceTree = "<group>"; };
		2B071C0620122E5C002B6F6B /* SShape.swift */ = {isa = PBXFileReference; lastKnownFileType = sourcecode.swift; path = SShape.swift; sourceTree = "<group>"; };
		2B071C0820122E97002B6F6B /* LShape.swift */ = {isa = PBXFileReference; lastKnownFileType = sourcecode.swift; path = LShape.swift; sourceTree = "<group>"; };
		2B071C0A20124749002B6F6B /* GameLogic.swift */ = {isa = PBXFileReference; lastKnownFileType = sourcecode.swift; path = GameLogic.swift; sourceTree = "<group>"; };
		2B0EA878201F972300B8BBF8 /* GameEndViewController.swift */ = {isa = PBXFileReference; lastKnownFileType = sourcecode.swift; path = GameEndViewController.swift; sourceTree = "<group>"; };
		2BF613DC201F42F30013F43D /* HomeViewController.swift */ = {isa = PBXFileReference; lastKnownFileType = sourcecode.swift; path = HomeViewController.swift; sourceTree = "<group>"; };
		2BF613E0201F64BB0013F43D /* PopupViewController.swift */ = {isa = PBXFileReference; lastKnownFileType = sourcecode.swift; path = PopupViewController.swift; sourceTree = "<group>"; };
/* End PBXFileReference section */

/* Begin PBXFrameworksBuildPhase section */
		2B071BBC20122594002B6F6B /* Frameworks */ = {
			isa = PBXFrameworksBuildPhase;
			buildActionMask = 2147483647;
			files = (
			);
			runOnlyForDeploymentPostprocessing = 0;
		};
		2B071BD620122594002B6F6B /* Frameworks */ = {
			isa = PBXFrameworksBuildPhase;
			buildActionMask = 2147483647;
			files = (
			);
			runOnlyForDeploymentPostprocessing = 0;
		};
		2B071BE120122594002B6F6B /* Frameworks */ = {
			isa = PBXFrameworksBuildPhase;
			buildActionMask = 2147483647;
			files = (
			);
			runOnlyForDeploymentPostprocessing = 0;
		};
/* End PBXFrameworksBuildPhase section */

/* Begin PBXGroup section */
		2B071BB620122594002B6F6B = {
			isa = PBXGroup;
			children = (
				2B071BC120122594002B6F6B /* mobileapp-tetris */,
				2B071BDC20122594002B6F6B /* mobileapp-tetrisTests */,
				2B071BE720122594002B6F6B /* mobileapp-tetrisUITests */,
				2B071BC020122594002B6F6B /* Products */,
			);
			sourceTree = "<group>";
		};
		2B071BC020122594002B6F6B /* Products */ = {
			isa = PBXGroup;
			children = (
				2B071BBF20122594002B6F6B /* mobileapp-tetris.app */,
				2B071BD920122594002B6F6B /* mobileapp-tetrisTests.xctest */,
				2B071BE420122594002B6F6B /* mobileapp-tetrisUITests.xctest */,
			);
			name = Products;
			sourceTree = "<group>";
		};
		2B071BC120122594002B6F6B /* mobileapp-tetris */ = {
			isa = PBXGroup;
			children = (
				2B071C0C201256C4002B6F6B /* shapes */,
				2B071BC220122594002B6F6B /* AppDelegate.swift */,
				2B071BC620122594002B6F6B /* Actions.sks */,
				2B071BC820122594002B6F6B /* GameScene.swift */,
				2B071BCA20122594002B6F6B /* GameViewController.swift */,
				2BF613DC201F42F30013F43D /* HomeViewController.swift */,
				2BF613E0201F64BB0013F43D /* PopupViewController.swift */,
				2B0EA878201F972300B8BBF8 /* GameEndViewController.swift */,
				2B071BCC20122594002B6F6B /* Main.storyboard */,
				2B071BCF20122594002B6F6B /* Assets.xcassets */,
				2B071BD120122594002B6F6B /* LaunchScreen.storyboard */,
				2B071BD420122594002B6F6B /* Info.plist */,
				2B071C0A20124749002B6F6B /* GameLogic.swift */,
			);
			path = "mobileapp-tetris";
			sourceTree = "<group>";
		};
		2B071BDC20122594002B6F6B /* mobileapp-tetrisTests */ = {
			isa = PBXGroup;
			children = (
				2B071BDD20122594002B6F6B /* mobileapp_tetrisTests.swift */,
				2B071BDF20122594002B6F6B /* Info.plist */,
			);
			path = "mobileapp-tetrisTests";
			sourceTree = "<group>";
		};
		2B071BE720122594002B6F6B /* mobileapp-tetrisUITests */ = {
			isa = PBXGroup;
			children = (
				2B071BE820122594002B6F6B /* mobileapp_tetrisUITests.swift */,
				2B071BEA20122594002B6F6B /* Info.plist */,
			);
			path = "mobileapp-tetrisUITests";
			sourceTree = "<group>";
		};
		2B071C0C201256C4002B6F6B /* shapes */ = {
			isa = PBXGroup;
			children = (
				2B071BFA201227D0002B6F6B /* Block.swift */,
				2B071BF620122761002B6F6B /* GameBoardLayout.swift */,
				2B071BF8201227A6002B6F6B /* Shape.swift */,
				2B071BFC20122880002B6F6B /* JShape.swift */,
				2B071BFE20122D06002B6F6B /* LineShape.swift */,
				2B071C0020122D91002B6F6B /* SquareShape.swift */,
				2B071C0220122DF7002B6F6B /* ZShape.swift */,
				2B071C0420122E1E002B6F6B /* TShape.swift */,
				2B071C0620122E5C002B6F6B /* SShape.swift */,
				2B071C0820122E97002B6F6B /* LShape.swift */,
			);
			path = shapes;
			sourceTree = "<group>";
		};
/* End PBXGroup section */

/* Begin PBXNativeTarget section */
		2B071BBE20122594002B6F6B /* mobileapp-tetris */ = {
			isa = PBXNativeTarget;
			buildConfigurationList = 2B071BED20122594002B6F6B /* Build configuration list for PBXNativeTarget "mobileapp-tetris" */;
			buildPhases = (
				2B071BBB20122594002B6F6B /* Sources */,
				2B071BBC20122594002B6F6B /* Frameworks */,
				2B071BBD20122594002B6F6B /* Resources */,
			);
			buildRules = (
			);
			dependencies = (
			);
			name = "mobileapp-tetris";
			productName = "mobileapp-tetris";
			productReference = 2B071BBF20122594002B6F6B /* mobileapp-tetris.app */;
			productType = "com.apple.product-type.application";
		};
		2B071BD820122594002B6F6B /* mobileapp-tetrisTests */ = {
			isa = PBXNativeTarget;
			buildConfigurationList = 2B071BF020122594002B6F6B /* Build configuration list for PBXNativeTarget "mobileapp-tetrisTests" */;
			buildPhases = (
				2B071BD520122594002B6F6B /* Sources */,
				2B071BD620122594002B6F6B /* Frameworks */,
				2B071BD720122594002B6F6B /* Resources */,
			);
			buildRules = (
			);
			dependencies = (
				2B071BDB20122594002B6F6B /* PBXTargetDependency */,
			);
			name = "mobileapp-tetrisTests";
			productName = "mobileapp-tetrisTests";
			productReference = 2B071BD920122594002B6F6B /* mobileapp-tetrisTests.xctest */;
			productType = "com.apple.product-type.bundle.unit-test";
		};
		2B071BE320122594002B6F6B /* mobileapp-tetrisUITests */ = {
			isa = PBXNativeTarget;
			buildConfigurationList = 2B071BF320122594002B6F6B /* Build configuration list for PBXNativeTarget "mobileapp-tetrisUITests" */;
			buildPhases = (
				2B071BE020122594002B6F6B /* Sources */,
				2B071BE120122594002B6F6B /* Frameworks */,
				2B071BE220122594002B6F6B /* Resources */,
			);
			buildRules = (
			);
			dependencies = (
				2B071BE620122594002B6F6B /* PBXTargetDependency */,
			);
			name = "mobileapp-tetrisUITests";
			productName = "mobileapp-tetrisUITests";
			productReference = 2B071BE420122594002B6F6B /* mobileapp-tetrisUITests.xctest */;
			productType = "com.apple.product-type.bundle.ui-testing";
		};
/* End PBXNativeTarget section */

/* Begin PBXProject section */
		2B071BB720122594002B6F6B /* Project object */ = {
			isa = PBXProject;
			attributes = {
				LastSwiftUpdateCheck = 0920;
				LastUpgradeCheck = 0920;
				ORGANIZATIONNAME = "Khim Bahadur Gurung";
				TargetAttributes = {
					2B071BBE20122594002B6F6B = {
						CreatedOnToolsVersion = 9.2;
						ProvisioningStyle = Automatic;
					};
					2B071BD820122594002B6F6B = {
						CreatedOnToolsVersion = 9.2;
						ProvisioningStyle = Automatic;
						TestTargetID = 2B071BBE20122594002B6F6B;
					};
					2B071BE320122594002B6F6B = {
						CreatedOnToolsVersion = 9.2;
						ProvisioningStyle = Automatic;
						TestTargetID = 2B071BBE20122594002B6F6B;
					};
				};
			};
			buildConfigurationList = 2B071BBA20122594002B6F6B /* Build configuration list for PBXProject "mobileapp-tetris" */;
			compatibilityVersion = "Xcode 8.0";
			developmentRegion = en;
			hasScannedForEncodings = 0;
			knownRegions = (
				en,
				Base,
			);
			mainGroup = 2B071BB620122594002B6F6B;
			productRefGroup = 2B071BC020122594002B6F6B /* Products */;
			projectDirPath = "";
			projectRoot = "";
			targets = (
				2B071BBE20122594002B6F6B /* mobileapp-tetris */,
				2B071BD820122594002B6F6B /* mobileapp-tetrisTests */,
				2B071BE320122594002B6F6B /* mobileapp-tetrisUITests */,
			);
		};
/* End PBXProject section */

/* Begin PBXResourcesBuildPhase section */
		2B071BBD20122594002B6F6B /* Resources */ = {
			isa = PBXResourcesBuildPhase;
			buildActionMask = 2147483647;
			files = (
				2B071BCE20122594002B6F6B /* Main.storyboard in Resources */,
				2B071BD020122594002B6F6B /* Assets.xcassets in Resources */,
				2B071BD320122594002B6F6B /* LaunchScreen.storyboard in Resources */,
				2B071BC720122594002B6F6B /* Actions.sks in Resources */,
			);
			runOnlyForDeploymentPostprocessing = 0;
		};
		2B071BD720122594002B6F6B /* Resources */ = {
			isa = PBXResourcesBuildPhase;
			buildActionMask = 2147483647;
			files = (
			);
			runOnlyForDeploymentPostprocessing = 0;
		};
		2B071BE220122594002B6F6B /* Resources */ = {
			isa = PBXResourcesBuildPhase;
			buildActionMask = 2147483647;
			files = (
			);
			runOnlyForDeploymentPostprocessing = 0;
		};
/* End PBXResourcesBuildPhase section */

/* Begin PBXSourcesBuildPhase section */
		2B071BBB20122594002B6F6B /* Sources */ = {
			isa = PBXSourcesBuildPhase;
			buildActionMask = 2147483647;
			files = (
				2B071C0320122DF7002B6F6B /* ZShape.swift in Sources */,
				2B071BF9201227A6002B6F6B /* Shape.swift in Sources */,
				2B071BF720122762002B6F6B /* GameBoardLayout.swift in Sources */,
				2B071C0520122E1E002B6F6B /* TShape.swift in Sources */,
				2B071BC920122594002B6F6B /* GameScene.swift in Sources */,
				2BF613DD201F42F30013F43D /* HomeViewController.swift in Sources */,
				2B071BFF20122D06002B6F6B /* LineShape.swift in Sources */,
				2BF613E1201F64BB0013F43D /* PopupViewController.swift in Sources */,
				2B071C0B20124749002B6F6B /* GameLogic.swift in Sources */,
				2B071BFB201227D0002B6F6B /* Block.swift in Sources */,
				2B071C0720122E5C002B6F6B /* SShape.swift in Sources */,
				2B071C0120122D91002B6F6B /* SquareShape.swift in Sources */,
				2B071BCB20122594002B6F6B /* GameViewController.swift in Sources */,
				2B071C0920122E97002B6F6B /* LShape.swift in Sources */,
				2B071BC320122594002B6F6B /* AppDelegate.swift in Sources */,
				2B0EA879201F972300B8BBF8 /* GameEndViewController.swift in Sources */,
				2B071BFD20122880002B6F6B /* JShape.swift in Sources */,
			);
			runOnlyForDeploymentPostprocessing = 0;
		};
		2B071BD520122594002B6F6B /* Sources */ = {
			isa = PBXSourcesBuildPhase;
			buildActionMask = 2147483647;
			files = (
				2B071BDE20122594002B6F6B /* mobileapp_tetrisTests.swift in Sources */,
			);
			runOnlyForDeploymentPostprocessing = 0;
		};
		2B071BE020122594002B6F6B /* Sources */ = {
			isa = PBXSourcesBuildPhase;
			buildActionMask = 2147483647;
			files = (
				2B071BE920122594002B6F6B /* mobileapp_tetrisUITests.swift in Sources */,
			);
			runOnlyForDeploymentPostprocessing = 0;
		};
/* End PBXSourcesBuildPhase section */

/* Begin PBXTargetDependency section */
		2B071BDB20122594002B6F6B /* PBXTargetDependency */ = {
			isa = PBXTargetDependency;
			target = 2B071BBE20122594002B6F6B /* mobileapp-tetris */;
			targetProxy = 2B071BDA20122594002B6F6B /* PBXContainerItemProxy */;
		};
		2B071BE620122594002B6F6B /* PBXTargetDependency */ = {
			isa = PBXTargetDependency;
			target = 2B071BBE20122594002B6F6B /* mobileapp-tetris */;
			targetProxy = 2B071BE520122594002B6F6B /* PBXContainerItemProxy */;
		};
/* End PBXTargetDependency section */

/* Begin PBXVariantGroup section */
		2B071BCC20122594002B6F6B /* Main.storyboard */ = {
			isa = PBXVariantGroup;
			children = (
				2B071BCD20122594002B6F6B /* Base */,
			);
			name = Main.storyboard;
			sourceTree = "<group>";
		};
		2B071BD120122594002B6F6B /* LaunchScreen.storyboard */ = {
			isa = PBXVariantGroup;
			children = (
				2B071BD220122594002B6F6B /* Base */,
			);
			name = LaunchScreen.storyboard;
			sourceTree = "<group>";
		};
/* End PBXVariantGroup section */

/* Begin XCBuildConfiguration section */
		2B071BEB20122594002B6F6B /* Debug */ = {
			isa = XCBuildConfiguration;
			buildSettings = {
				ALWAYS_SEARCH_USER_PATHS = NO;
				CLANG_ANALYZER_NONNULL = YES;
				CLANG_ANALYZER_NUMBER_OBJECT_CONVERSION = YES_AGGRESSIVE;
				CLANG_CXX_LANGUAGE_STANDARD = "gnu++14";
				CLANG_CXX_LIBRARY = "libc++";
				CLANG_ENABLE_MODULES = YES;
				CLANG_ENABLE_OBJC_ARC = YES;
				CLANG_WARN_BLOCK_CAPTURE_AUTORELEASING = YES;
				CLANG_WARN_BOOL_CONVERSION = YES;
				CLANG_WARN_COMMA = YES;
				CLANG_WARN_CONSTANT_CONVERSION = YES;
				CLANG_WARN_DIRECT_OBJC_ISA_USAGE = YES_ERROR;
				CLANG_WARN_DOCUMENTATION_COMMENTS = YES;
				CLANG_WARN_EMPTY_BODY = YES;
				CLANG_WARN_ENUM_CONVERSION = YES;
				CLANG_WARN_INFINITE_RECURSION = YES;
				CLANG_WARN_INT_CONVERSION = YES;
				CLANG_WARN_NON_LITERAL_NULL_CONVERSION = YES;
				CLANG_WARN_OBJC_LITERAL_CONVERSION = YES;
				CLANG_WARN_OBJC_ROOT_CLASS = YES_ERROR;
				CLANG_WARN_RANGE_LOOP_ANALYSIS = YES;
				CLANG_WARN_STRICT_PROTOTYPES = YES;
				CLANG_WARN_SUSPICIOUS_MOVE = YES;
				CLANG_WARN_UNGUARDED_AVAILABILITY = YES_AGGRESSIVE;
				CLANG_WARN_UNREACHABLE_CODE = YES;
				CLANG_WARN__DUPLICATE_METHOD_MATCH = YES;
				CODE_SIGN_IDENTITY = "iPhone Developer";
				COPY_PHASE_STRIP = NO;
				DEBUG_INFORMATION_FORMAT = dwarf;
				ENABLE_STRICT_OBJC_MSGSEND = YES;
				ENABLE_TESTABILITY = YES;
				GCC_C_LANGUAGE_STANDARD = gnu11;
				GCC_DYNAMIC_NO_PIC = NO;
				GCC_NO_COMMON_BLOCKS = YES;
				GCC_OPTIMIZATION_LEVEL = 0;
				GCC_PREPROCESSOR_DEFINITIONS = (
					"DEBUG=1",
					"$(inherited)",
				);
				GCC_WARN_64_TO_32_BIT_CONVERSION = YES;
				GCC_WARN_ABOUT_RETURN_TYPE = YES_ERROR;
				GCC_WARN_UNDECLARED_SELECTOR = YES;
				GCC_WARN_UNINITIALIZED_AUTOS = YES_AGGRESSIVE;
				GCC_WARN_UNUSED_FUNCTION = YES;
				GCC_WARN_UNUSED_VARIABLE = YES;
				IPHONEOS_DEPLOYMENT_TARGET = 11.2;
				MTL_ENABLE_DEBUG_INFO = YES;
				ONLY_ACTIVE_ARCH = YES;
				SDKROOT = iphoneos;
				SWIFT_ACTIVE_COMPILATION_CONDITIONS = DEBUG;
				SWIFT_OPTIMIZATION_LEVEL = "-Onone";
			};
			name = Debug;
		};
		2B071BEC20122594002B6F6B /* Release */ = {
			isa = XCBuildConfiguration;
			buildSettings = {
				ALWAYS_SEARCH_USER_PATHS = NO;
				CLANG_ANALYZER_NONNULL = YES;
				CLANG_ANALYZER_NUMBER_OBJECT_CONVERSION = YES_AGGRESSIVE;
				CLANG_CXX_LANGUAGE_STANDARD = "gnu++14";
				CLANG_CXX_LIBRARY = "libc++";
				CLANG_ENABLE_MODULES = YES;
				CLANG_ENABLE_OBJC_ARC = YES;
				CLANG_WARN_BLOCK_CAPTURE_AUTORELEASING = YES;
				CLANG_WARN_BOOL_CONVERSION = YES;
				CLANG_WARN_COMMA = YES;
				CLANG_WARN_CONSTANT_CONVERSION = YES;
				CLANG_WARN_DIRECT_OBJC_ISA_USAGE = YES_ERROR;
				CLANG_WARN_DOCUMENTATION_COMMENTS = YES;
				CLANG_WARN_EMPTY_BODY = YES;
				CLANG_WARN_ENUM_CONVERSION = YES;
				CLANG_WARN_INFINITE_RECURSION = YES;
				CLANG_WARN_INT_CONVERSION = YES;
				CLANG_WARN_NON_LITERAL_NULL_CONVERSION = YES;
				CLANG_WARN_OBJC_LITERAL_CONVERSION = YES;
				CLANG_WARN_OBJC_ROOT_CLASS = YES_ERROR;
				CLANG_WARN_RANGE_LOOP_ANALYSIS = YES;
				CLANG_WARN_STRICT_PROTOTYPES = YES;
				CLANG_WARN_SUSPICIOUS_MOVE = YES;
				CLANG_WARN_UNGUARDED_AVAILABILITY = YES_AGGRESSIVE;
				CLANG_WARN_UNREACHABLE_CODE = YES;
				CLANG_WARN__DUPLICATE_METHOD_MATCH = YES;
				CODE_SIGN_IDENTITY = "iPhone Developer";
				COPY_PHASE_STRIP = NO;
				DEBUG_INFORMATION_FORMAT = "dwarf-with-dsym";
				ENABLE_NS_ASSERTIONS = NO;
				ENABLE_STRICT_OBJC_MSGSEND = YES;
				GCC_C_LANGUAGE_STANDARD = gnu11;
				GCC_NO_COMMON_BLOCKS = YES;
				GCC_WARN_64_TO_32_BIT_CONVERSION = YES;
				GCC_WARN_ABOUT_RETURN_TYPE = YES_ERROR;
				GCC_WARN_UNDECLARED_SELECTOR = YES;
				GCC_WARN_UNINITIALIZED_AUTOS = YES_AGGRESSIVE;
				GCC_WARN_UNUSED_FUNCTION = YES;
				GCC_WARN_UNUSED_VARIABLE = YES;
				IPHONEOS_DEPLOYMENT_TARGET = 11.2;
				MTL_ENABLE_DEBUG_INFO = NO;
				SDKROOT = iphoneos;
				SWIFT_OPTIMIZATION_LEVEL = "-Owholemodule";
				VALIDATE_PRODUCT = YES;
			};
			name = Release;
		};
		2B071BEE20122594002B6F6B /* Debug */ = {
			isa = XCBuildConfiguration;
			buildSettings = {
				ASSETCATALOG_COMPILER_APPICON_NAME = AppIcon;
				"CODE_SIGN_IDENTITY[sdk=iphoneos*]" = "iPhone Developer";
				CODE_SIGN_STYLE = Automatic;
				DEVELOPMENT_TEAM = 9Z328KNXE9;
				INFOPLIST_FILE = "mobileapp-tetris/Info.plist";
				LD_RUNPATH_SEARCH_PATHS = "$(inherited) @executable_path/Frameworks";
				PRODUCT_BUNDLE_IDENTIFIER = "khim.mobileapp-tetris";
				PRODUCT_NAME = "$(TARGET_NAME)";
				PROVISIONING_PROFILE_SPECIFIER = "";
				SWIFT_VERSION = 4.0;
				TARGETED_DEVICE_FAMILY = "1,2";
			};
			name = Debug;
		};
		2B071BEF20122594002B6F6B /* Release */ = {
			isa = XCBuildConfiguration;
			buildSettings = {
				ASSETCATALOG_COMPILER_APPICON_NAME = AppIcon;
				"CODE_SIGN_IDENTITY[sdk=iphoneos*]" = "iPhone Developer";
				CODE_SIGN_STYLE = Automatic;
				DEVELOPMENT_TEAM = 9Z328KNXE9;
				INFOPLIST_FILE = "mobileapp-tetris/Info.plist";
				LD_RUNPATH_SEARCH_PATHS = "$(inherited) @executable_path/Frameworks";
				PRODUCT_BUNDLE_IDENTIFIER = "khim.mobileapp-tetris";
				PRODUCT_NAME = "$(TARGET_NAME)";
				PROVISIONING_PROFILE_SPECIFIER = "";
				SWIFT_VERSION = 4.0;
				TARGETED_DEVICE_FAMILY = "1,2";
			};
			name = Release;
		};
		2B071BF120122594002B6F6B /* Debug */ = {
			isa = XCBuildConfiguration;
			buildSettings = {
				ALWAYS_EMBED_SWIFT_STANDARD_LIBRARIES = YES;
				BUNDLE_LOADER = "$(TEST_HOST)";
				CODE_SIGN_STYLE = Automatic;
				INFOPLIST_FILE = "mobileapp-tetrisTests/Info.plist";
				LD_RUNPATH_SEARCH_PATHS = "$(inherited) @executable_path/Frameworks @loader_path/Frameworks";
				PRODUCT_BUNDLE_IDENTIFIER = "khim.mobileapp-tetrisTests";
				PRODUCT_NAME = "$(TARGET_NAME)";
				SWIFT_VERSION = 4.0;
				TARGETED_DEVICE_FAMILY = "1,2";
				TEST_HOST = "$(BUILT_PRODUCTS_DIR)/mobileapp-tetris.app/mobileapp-tetris";
			};
			name = Debug;
		};
		2B071BF220122594002B6F6B /* Release */ = {
			isa = XCBuildConfiguration;
			buildSettings = {
				ALWAYS_EMBED_SWIFT_STANDARD_LIBRARIES = YES;
				BUNDLE_LOADER = "$(TEST_HOST)";
				CODE_SIGN_STYLE = Automatic;
				INFOPLIST_FILE = "mobileapp-tetrisTests/Info.plist";
				LD_RUNPATH_SEARCH_PATHS = "$(inherited) @executable_path/Frameworks @loader_path/Frameworks";
				PRODUCT_BUNDLE_IDENTIFIER = "khim.mobileapp-tetrisTests";
				PRODUCT_NAME = "$(TARGET_NAME)";
				SWIFT_VERSION = 4.0;
				TARGETED_DEVICE_FAMILY = "1,2";
				TEST_HOST = "$(BUILT_PRODUCTS_DIR)/mobileapp-tetris.app/mobileapp-tetris";
			};
			name = Release;
		};
		2B071BF420122594002B6F6B /* Debug */ = {
			isa = XCBuildConfiguration;
			buildSettings = {
				ALWAYS_EMBED_SWIFT_STANDARD_LIBRARIES = YES;
				CODE_SIGN_STYLE = Automatic;
				INFOPLIST_FILE = "mobileapp-tetrisUITests/Info.plist";
				LD_RUNPATH_SEARCH_PATHS = "$(inherited) @executable_path/Frameworks @loader_path/Frameworks";
				PRODUCT_BUNDLE_IDENTIFIER = "khim.mobileapp-tetrisUITests";
				PRODUCT_NAME = "$(TARGET_NAME)";
				SWIFT_VERSION = 4.0;
				TARGETED_DEVICE_FAMILY = "1,2";
				TEST_TARGET_NAME = "mobileapp-tetris";
			};
			name = Debug;
		};
		2B071BF520122594002B6F6B /* Release */ = {
			isa = XCBuildConfiguration;
			buildSettings = {
				ALWAYS_EMBED_SWIFT_STANDARD_LIBRARIES = YES;
				CODE_SIGN_STYLE = Automatic;
				INFOPLIST_FILE = "mobileapp-tetrisUITests/Info.plist";
				LD_RUNPATH_SEARCH_PATHS = "$(inherited) @executable_path/Frameworks @loader_path/Frameworks";
				PRODUCT_BUNDLE_IDENTIFIER = "khim.mobileapp-tetrisUITests";
				PRODUCT_NAME = "$(TARGET_NAME)";
				SWIFT_VERSION = 4.0;
				TARGETED_DEVICE_FAMILY = "1,2";
				TEST_TARGET_NAME = "mobileapp-tetris";
			};
			name = Release;
		};
/* End XCBuildConfiguration section */

/* Begin XCConfigurationList section */
		2B071BBA20122594002B6F6B /* Build configuration list for PBXProject "mobileapp-tetris" */ = {
			isa = XCConfigurationList;
			buildConfigurations = (
				2B071BEB20122594002B6F6B /* Debug */,
				2B071BEC20122594002B6F6B /* Release */,
			);
			defaultConfigurationIsVisible = 0;
			defaultConfigurationName = Release;
		};
		2B071BED20122594002B6F6B /* Build configuration list for PBXNativeTarget "mobileapp-tetris" */ = {
			isa = XCConfigurationList;
			buildConfigurations = (
				2B071BEE20122594002B6F6B /* Debug */,
				2B071BEF20122594002B6F6B /* Release */,
			);
			defaultConfigurationIsVisible = 0;
			defaultConfigurationName = Release;
		};
		2B071BF020122594002B6F6B /* Build configuration list for PBXNativeTarget "mobileapp-tetrisTests" */ = {
			isa = XCConfigurationList;
			buildConfigurations = (
				2B071BF120122594002B6F6B /* Debug */,
				2B071BF220122594002B6F6B /* Release */,
			);
			defaultConfigurationIsVisible = 0;
			defaultConfigurationName = Release;
		};
		2B071BF320122594002B6F6B /* Build configuration list for PBXNativeTarget "mobileapp-tetrisUITests" */ = {
			isa = XCConfigurationList;
			buildConfigurations = (
				2B071BF420122594002B6F6B /* Debug */,
				2B071BF520122594002B6F6B /* Release */,
			);
			defaultConfigurationIsVisible = 0;
			defaultConfigurationName = Release;
		};
/* End XCConfigurationList section */
	};
	rootObject = 2B071BB720122594002B6F6B /* Project object */;
}
